// !$*UTF8*$!
{
	archiveVersion = 1;
	classes = {
	};
	objectVersion = 55;
	objects = {

/* Begin PBXBuildFile section */
		AD08CB432875DD65009682D7 /* City.m in Sources */ = {isa = PBXBuildFile; fileRef = AD08CB422875DD65009682D7 /* City.m */; };
		AD08CB462875DF11009682D7 /* CityList.m in Sources */ = {isa = PBXBuildFile; fileRef = AD08CB452875DF11009682D7 /* CityList.m */; };
		AD08CB4C2875E4D8009682D7 /* CityListDataSource.m in Sources */ = {isa = PBXBuildFile; fileRef = AD08CB4B2875E4D8009682D7 /* CityListDataSource.m */; };
		ADABF8672876DDDB00A72620 /* CoreLocation.framework in Frameworks */ = {isa = PBXBuildFile; fileRef = ADABF8662876DDDB00A72620 /* CoreLocation.framework */; };
		ADABF86A2877151900A72620 /* City+MapAnnotation.m in Sources */ = {isa = PBXBuildFile; fileRef = ADABF8692877151900A72620 /* City+MapAnnotation.m */; };
		ADB1BFA52875C7E90094936D /* AppDelegate.m in Sources */ = {isa = PBXBuildFile; fileRef = ADB1BFA42875C7E90094936D /* AppDelegate.m */; };
		ADB1BFA82875C7E90094936D /* SceneDelegate.m in Sources */ = {isa = PBXBuildFile; fileRef = ADB1BFA72875C7E90094936D /* SceneDelegate.m */; };
		ADB1BFAE2875C7E90094936D /* Main.storyboard in Resources */ = {isa = PBXBuildFile; fileRef = ADB1BFAC2875C7E90094936D /* Main.storyboard */; };
		ADB1BFB02875C7EB0094936D /* Assets.xcassets in Resources */ = {isa = PBXBuildFile; fileRef = ADB1BFAF2875C7EB0094936D /* Assets.xcassets */; };
		ADB1BFB32875C7EB0094936D /* LaunchScreen.storyboard in Resources */ = {isa = PBXBuildFile; fileRef = ADB1BFB12875C7EB0094936D /* LaunchScreen.storyboard */; };
		ADB1BFB62875C7EB0094936D /* main.m in Sources */ = {isa = PBXBuildFile; fileRef = ADB1BFB52875C7EB0094936D /* main.m */; };
		ADB1BFBF2875D6A00094936D /* WeatherTableViewController.m in Sources */ = {isa = PBXBuildFile; fileRef = ADB1BFBE2875D6A00094936D /* WeatherTableViewController.m */; };
		ADB1BFC22875D6D30094936D /* FavouritesTableViewController.m in Sources */ = {isa = PBXBuildFile; fileRef = ADB1BFC12875D6D30094936D /* FavouritesTableViewController.m */; };
		ADB1BFC52875D6F70094936D /* MapViewController.m in Sources */ = {isa = PBXBuildFile; fileRef = ADB1BFC42875D6F70094936D /* MapViewController.m */; };
/* End PBXBuildFile section */

/* Begin PBXFileReference section */
		AD08CB412875DD65009682D7 /* City.h */ = {isa = PBXFileReference; lastKnownFileType = sourcecode.c.h; path = City.h; sourceTree = "<group>"; };
		AD08CB422875DD65009682D7 /* City.m */ = {isa = PBXFileReference; lastKnownFileType = sourcecode.c.objc; path = City.m; sourceTree = "<group>"; };
		AD08CB442875DF11009682D7 /* CityList.h */ = {isa = PBXFileReference; lastKnownFileType = sourcecode.c.h; path = CityList.h; sourceTree = "<group>"; };
		AD08CB452875DF11009682D7 /* CityList.m */ = {isa = PBXFileReference; lastKnownFileType = sourcecode.c.objc; path = CityList.m; sourceTree = "<group>"; };
		AD08CB472875E41C009682D7 /* CitiesDataSource.h */ = {isa = PBXFileReference; lastKnownFileType = sourcecode.c.h; path = CitiesDataSource.h; sourceTree = "<group>"; };
		AD08CB4A2875E4D8009682D7 /* CityListDataSource.h */ = {isa = PBXFileReference; lastKnownFileType = sourcecode.c.h; path = CityListDataSource.h; sourceTree = "<group>"; };
		AD08CB4B2875E4D8009682D7 /* CityListDataSource.m */ = {isa = PBXFileReference; lastKnownFileType = sourcecode.c.objc; path = CityListDataSource.m; sourceTree = "<group>"; };
		ADABF8662876DDDB00A72620 /* CoreLocation.framework */ = {isa = PBXFileReference; lastKnownFileType = wrapper.framework; name = CoreLocation.framework; path = System/Library/Frameworks/CoreLocation.framework; sourceTree = SDKROOT; };
		ADABF8682877151900A72620 /* City+MapAnnotation.h */ = {isa = PBXFileReference; lastKnownFileType = sourcecode.c.h; path = "City+MapAnnotation.h"; sourceTree = "<group>"; };
		ADABF8692877151900A72620 /* City+MapAnnotation.m */ = {isa = PBXFileReference; lastKnownFileType = sourcecode.c.objc; path = "City+MapAnnotation.m"; sourceTree = "<group>"; };
		ADB1BFA02875C7E90094936D /* MyWeather.app */ = {isa = PBXFileReference; explicitFileType = wrapper.application; includeInIndex = 0; path = MyWeather.app; sourceTree = BUILT_PRODUCTS_DIR; };
		ADB1BFA32875C7E90094936D /* AppDelegate.h */ = {isa = PBXFileReference; lastKnownFileType = sourcecode.c.h; path = AppDelegate.h; sourceTree = "<group>"; };
		ADB1BFA42875C7E90094936D /* AppDelegate.m */ = {isa = PBXFileReference; lastKnownFileType = sourcecode.c.objc; path = AppDelegate.m; sourceTree = "<group>"; };
		ADB1BFA62875C7E90094936D /* SceneDelegate.h */ = {isa = PBXFileReference; lastKnownFileType = sourcecode.c.h; path = SceneDelegate.h; sourceTree = "<group>"; };
		ADB1BFA72875C7E90094936D /* SceneDelegate.m */ = {isa = PBXFileReference; lastKnownFileType = sourcecode.c.objc; path = SceneDelegate.m; sourceTree = "<group>"; };
		ADB1BFAD2875C7E90094936D /* Base */ = {isa = PBXFileReference; lastKnownFileType = file.storyboard; name = Base; path = Base.lproj/Main.storyboard; sourceTree = "<group>"; };
		ADB1BFAF2875C7EB0094936D /* Assets.xcassets */ = {isa = PBXFileReference; lastKnownFileType = folder.assetcatalog; path = Assets.xcassets; sourceTree = "<group>"; };
		ADB1BFB22875C7EB0094936D /* Base */ = {isa = PBXFileReference; lastKnownFileType = file.storyboard; name = Base; path = Base.lproj/LaunchScreen.storyboard; sourceTree = "<group>"; };
		ADB1BFB42875C7EB0094936D /* Info.plist */ = {isa = PBXFileReference; lastKnownFileType = text.plist.xml; path = Info.plist; sourceTree = "<group>"; };
		ADB1BFB52875C7EB0094936D /* main.m */ = {isa = PBXFileReference; lastKnownFileType = sourcecode.c.objc; path = main.m; sourceTree = "<group>"; };
		ADB1BFBD2875D6A00094936D /* WeatherTableViewController.h */ = {isa = PBXFileReference; lastKnownFileType = sourcecode.c.h; path = WeatherTableViewController.h; sourceTree = "<group>"; };
		ADB1BFBE2875D6A00094936D /* WeatherTableViewController.m */ = {isa = PBXFileReference; lastKnownFileType = sourcecode.c.objc; path = WeatherTableViewController.m; sourceTree = "<group>"; };
		ADB1BFC02875D6D30094936D /* FavouritesTableViewController.h */ = {isa = PBXFileReference; lastKnownFileType = sourcecode.c.h; path = FavouritesTableViewController.h; sourceTree = "<group>"; };
		ADB1BFC12875D6D30094936D /* FavouritesTableViewController.m */ = {isa = PBXFileReference; lastKnownFileType = sourcecode.c.objc; path = FavouritesTableViewController.m; sourceTree = "<group>"; };
		ADB1BFC32875D6F70094936D /* MapViewController.h */ = {isa = PBXFileReference; lastKnownFileType = sourcecode.c.h; path = MapViewController.h; sourceTree = "<group>"; };
		ADB1BFC42875D6F70094936D /* MapViewController.m */ = {isa = PBXFileReference; lastKnownFileType = sourcecode.c.objc; path = MapViewController.m; sourceTree = "<group>"; };
/* End PBXFileReference section */

/* Begin PBXFrameworksBuildPhase section */
		ADB1BF9D2875C7E90094936D /* Frameworks */ = {
			isa = PBXFrameworksBuildPhase;
			buildActionMask = 2147483647;
			files = (
				ADABF8672876DDDB00A72620 /* CoreLocation.framework in Frameworks */,
			);
			runOnlyForDeploymentPostprocessing = 0;
		};
/* End PBXFrameworksBuildPhase section */

/* Begin PBXGroup section */
		AD08CB402875DD3D009682D7 /* Model */ = {
			isa = PBXGroup;
			children = (
				AD08CB412875DD65009682D7 /* City.h */,
				AD08CB422875DD65009682D7 /* City.m */,
				AD08CB442875DF11009682D7 /* CityList.h */,
				AD08CB452875DF11009682D7 /* CityList.m */,
				AD08CB472875E41C009682D7 /* CitiesDataSource.h */,
				AD08CB4A2875E4D8009682D7 /* CityListDataSource.h */,
				AD08CB4B2875E4D8009682D7 /* CityListDataSource.m */,
				ADABF8682877151900A72620 /* City+MapAnnotation.h */,
				ADABF8692877151900A72620 /* City+MapAnnotation.m */,
			);
			path = Model;
			sourceTree = "<group>";
		};
		ADABF8652876DDDB00A72620 /* Frameworks */ = {
			isa = PBXGroup;
			children = (
				ADABF8662876DDDB00A72620 /* CoreLocation.framework */,
			);
			name = Frameworks;
			sourceTree = "<group>";
		};
		ADB1BF972875C7E90094936D = {
			isa = PBXGroup;
			children = (
				ADB1BFA22875C7E90094936D /* MyWeather */,
				ADB1BFA12875C7E90094936D /* Products */,
				ADABF8652876DDDB00A72620 /* Frameworks */,
			);
			sourceTree = "<group>";
		};
		ADB1BFA12875C7E90094936D /* Products */ = {
			isa = PBXGroup;
			children = (
				ADB1BFA02875C7E90094936D /* MyWeather.app */,
			);
			name = Products;
			sourceTree = "<group>";
		};
		ADB1BFA22875C7E90094936D /* MyWeather */ = {
			isa = PBXGroup;
			children = (
				ADB1BFA32875C7E90094936D /* AppDelegate.h */,
				ADB1BFA42875C7E90094936D /* AppDelegate.m */,
				ADB1BFA62875C7E90094936D /* SceneDelegate.h */,
				ADB1BFA72875C7E90094936D /* SceneDelegate.m */,
				ADB1BFAC2875C7E90094936D /* Main.storyboard */,
				ADB1BFAF2875C7EB0094936D /* Assets.xcassets */,
				ADB1BFB12875C7EB0094936D /* LaunchScreen.storyboard */,
				ADB1BFB42875C7EB0094936D /* Info.plist */,
				ADB1BFB52875C7EB0094936D /* main.m */,
				AD08CB402875DD3D009682D7 /* Model */,
				ADB1BFBC2875D66E0094936D /* ViewControllers */,
			);
			path = MyWeather;
			sourceTree = "<group>";
		};
		ADB1BFBC2875D66E0094936D /* ViewControllers */ = {
			isa = PBXGroup;
			children = (
				ADB1BFBD2875D6A00094936D /* WeatherTableViewController.h */,
				ADB1BFBE2875D6A00094936D /* WeatherTableViewController.m */,
				ADB1BFC02875D6D30094936D /* FavouritesTableViewController.h */,
				ADB1BFC12875D6D30094936D /* FavouritesTableViewController.m */,
				ADB1BFC32875D6F70094936D /* MapViewController.h */,
				ADB1BFC42875D6F70094936D /* MapViewController.m */,
			);
			path = ViewControllers;
			sourceTree = "<group>";
		};
/* End PBXGroup section */

/* Begin PBXNativeTarget section */
		ADB1BF9F2875C7E90094936D /* MyWeather */ = {
			isa = PBXNativeTarget;
			buildConfigurationList = ADB1BFB92875C7EB0094936D /* Build configuration list for PBXNativeTarget "MyWeather" */;
			buildPhases = (
				ADB1BF9C2875C7E90094936D /* Sources */,
				ADB1BF9D2875C7E90094936D /* Frameworks */,
				ADB1BF9E2875C7E90094936D /* Resources */,
			);
			buildRules = (
			);
			dependencies = (
			);
			name = MyWeather;
			productName = MyWeather;
			productReference = ADB1BFA02875C7E90094936D /* MyWeather.app */;
			productType = "com.apple.product-type.application";
		};
/* End PBXNativeTarget section */

/* Begin PBXProject section */
		ADB1BF982875C7E90094936D /* Project object */ = {
			isa = PBXProject;
			attributes = {
				BuildIndependentTargetsInParallel = 1;
				LastUpgradeCheck = 1340;
				TargetAttributes = {
					ADB1BF9F2875C7E90094936D = {
						CreatedOnToolsVersion = 13.4;
					};
				};
			};
			buildConfigurationList = ADB1BF9B2875C7E90094936D /* Build configuration list for PBXProject "MyWeather" */;
			compatibilityVersion = "Xcode 13.0";
			developmentRegion = en;
			hasScannedForEncodings = 0;
			knownRegions = (
				en,
				Base,
			);
			mainGroup = ADB1BF972875C7E90094936D;
			productRefGroup = ADB1BFA12875C7E90094936D /* Products */;
			projectDirPath = "";
			projectRoot = "";
			targets = (
				ADB1BF9F2875C7E90094936D /* MyWeather */,
			);
		};
/* End PBXProject section */

/* Begin PBXResourcesBuildPhase section */
		ADB1BF9E2875C7E90094936D /* Resources */ = {
			isa = PBXResourcesBuildPhase;
			buildActionMask = 2147483647;
			files = (
				ADB1BFB32875C7EB0094936D /* LaunchScreen.storyboard in Resources */,
				ADB1BFB02875C7EB0094936D /* Assets.xcassets in Resources */,
				ADB1BFAE2875C7E90094936D /* Main.storyboard in Resources */,
			);
			runOnlyForDeploymentPostprocessing = 0;
		};
/* End PBXResourcesBuildPhase section */

/* Begin PBXSourcesBuildPhase section */
		ADB1BF9C2875C7E90094936D /* Sources */ = {
			isa = PBXSourcesBuildPhase;
			buildActionMask = 2147483647;
			files = (
				ADB1BFA52875C7E90094936D /* AppDelegate.m in Sources */,
				ADB1BFB62875C7EB0094936D /* main.m in Sources */,
				AD08CB4C2875E4D8009682D7 /* CityListDataSource.m in Sources */,
				AD08CB462875DF11009682D7 /* CityList.m in Sources */,
				ADB1BFBF2875D6A00094936D /* WeatherTableViewController.m in Sources */,
				ADB1BFC52875D6F70094936D /* MapViewController.m in Sources */,
				ADABF86A2877151900A72620 /* City+MapAnnotation.m in Sources */,
				ADB1BFC22875D6D30094936D /* FavouritesTableViewController.m in Sources */,
				AD08CB432875DD65009682D7 /* City.m in Sources */,
				ADB1BFA82875C7E90094936D /* SceneDelegate.m in Sources */,
			);
			runOnlyForDeploymentPostprocessing = 0;
		};
/* End PBXSourcesBuildPhase section */

/* Begin PBXVariantGroup section */
		ADB1BFAC2875C7E90094936D /* Main.storyboard */ = {
			isa = PBXVariantGroup;
			children = (
				ADB1BFAD2875C7E90094936D /* Base */,
			);
			name = Main.storyboard;
			sourceTree = "<group>";
		};
		ADB1BFB12875C7EB0094936D /* LaunchScreen.storyboard */ = {
			isa = PBXVariantGroup;
			children = (
				ADB1BFB22875C7EB0094936D /* Base */,
			);
			name = LaunchScreen.storyboard;
			sourceTree = "<group>";
		};
/* End PBXVariantGroup section */

/* Begin XCBuildConfiguration section */
		ADB1BFB72875C7EB0094936D /* Debug */ = {
			isa = XCBuildConfiguration;
			buildSettings = {
				ALWAYS_SEARCH_USER_PATHS = NO;
				CLANG_ANALYZER_NONNULL = YES;
				CLANG_ANALYZER_NUMBER_OBJECT_CONVERSION = YES_AGGRESSIVE;
				CLANG_CXX_LANGUAGE_STANDARD = "gnu++17";
				CLANG_ENABLE_MODULES = YES;
				CLANG_ENABLE_OBJC_ARC = YES;
				CLANG_ENABLE_OBJC_WEAK = YES;
				CLANG_WARN_BLOCK_CAPTURE_AUTORELEASING = YES;
				CLANG_WARN_BOOL_CONVERSION = YES;
				CLANG_WARN_COMMA = YES;
				CLANG_WARN_CONSTANT_CONVERSION = YES;
				CLANG_WARN_DEPRECATED_OBJC_IMPLEMENTATIONS = YES;
				CLANG_WARN_DIRECT_OBJC_ISA_USAGE = YES_ERROR;
				CLANG_WARN_DOCUMENTATION_COMMENTS = YES;
				CLANG_WARN_EMPTY_BODY = YES;
				CLANG_WARN_ENUM_CONVERSION = YES;
				CLANG_WARN_INFINITE_RECURSION = YES;
				CLANG_WARN_INT_CONVERSION = YES;
				CLANG_WARN_NON_LITERAL_NULL_CONVERSION = YES;
				CLANG_WARN_OBJC_IMPLICIT_RETAIN_SELF = YES;
				CLANG_WARN_OBJC_LITERAL_CONVERSION = YES;
				CLANG_WARN_OBJC_ROOT_CLASS = YES_ERROR;
				CLANG_WARN_QUOTED_INCLUDE_IN_FRAMEWORK_HEADER = YES;
				CLANG_WARN_RANGE_LOOP_ANALYSIS = YES;
				CLANG_WARN_STRICT_PROTOTYPES = YES;
				CLANG_WARN_SUSPICIOUS_MOVE = YES;
				CLANG_WARN_UNGUARDED_AVAILABILITY = YES_AGGRESSIVE;
				CLANG_WARN_UNREACHABLE_CODE = YES;
				CLANG_WARN__DUPLICATE_METHOD_MATCH = YES;
				COPY_PHASE_STRIP = NO;
				DEBUG_INFORMATION_FORMAT = dwarf;
				ENABLE_STRICT_OBJC_MSGSEND = YES;
				ENABLE_TESTABILITY = YES;
				GCC_C_LANGUAGE_STANDARD = gnu11;
				GCC_DYNAMIC_NO_PIC = NO;
				GCC_NO_COMMON_BLOCKS = YES;
				GCC_OPTIMIZATION_LEVEL = 0;
				GCC_PREPROCESSOR_DEFINITIONS = (
					"DEBUG=1",
					"$(inherited)",
				);
				GCC_WARN_64_TO_32_BIT_CONVERSION = YES;
				GCC_WARN_ABOUT_RETURN_TYPE = YES_ERROR;
				GCC_WARN_UNDECLARED_SELECTOR = YES;
				GCC_WARN_UNINITIALIZED_AUTOS = YES_AGGRESSIVE;
				GCC_WARN_UNUSED_FUNCTION = YES;
				GCC_WARN_UNUSED_VARIABLE = YES;
				IPHONEOS_DEPLOYMENT_TARGET = 15.4;
				MTL_ENABLE_DEBUG_INFO = INCLUDE_SOURCE;
				MTL_FAST_MATH = YES;
				ONLY_ACTIVE_ARCH = YES;
				SDKROOT = iphoneos;
			};
			name = Debug;
		};
		ADB1BFB82875C7EB0094936D /* Release */ = {
			isa = XCBuildConfiguration;
			buildSettings = {
				ALWAYS_SEARCH_USER_PATHS = NO;
				CLANG_ANALYZER_NONNULL = YES;
				CLANG_ANALYZER_NUMBER_OBJECT_CONVERSION = YES_AGGRESSIVE;
				CLANG_CXX_LANGUAGE_STANDARD = "gnu++17";
				CLANG_ENABLE_MODULES = YES;
				CLANG_ENABLE_OBJC_ARC = YES;
				CLANG_ENABLE_OBJC_WEAK = YES;
				CLANG_WARN_BLOCK_CAPTURE_AUTORELEASING = YES;
				CLANG_WARN_BOOL_CONVERSION = YES;
				CLANG_WARN_COMMA = YES;
				CLANG_WARN_CONSTANT_CONVERSION = YES;
				CLANG_WARN_DEPRECATED_OBJC_IMPLEMENTATIONS = YES;
				CLANG_WARN_DIRECT_OBJC_ISA_USAGE = YES_ERROR;
				CLANG_WARN_DOCUMENTATION_COMMENTS = YES;
				CLANG_WARN_EMPTY_BODY = YES;
				CLANG_WARN_ENUM_CONVERSION = YES;
				CLANG_WARN_INFINITE_RECURSION = YES;
				CLANG_WARN_INT_CONVERSION = YES;
				CLANG_WARN_NON_LITERAL_NULL_CONVERSION = YES;
				CLANG_WARN_OBJC_IMPLICIT_RETAIN_SELF = YES;
				CLANG_WARN_OBJC_LITERAL_CONVERSION = YES;
				CLANG_WARN_OBJC_ROOT_CLASS = YES_ERROR;
				CLANG_WARN_QUOTED_INCLUDE_IN_FRAMEWORK_HEADER = YES;
				CLANG_WARN_RANGE_LOOP_ANALYSIS = YES;
				CLANG_WARN_STRICT_PROTOTYPES = YES;
				CLANG_WARN_SUSPICIOUS_MOVE = YES;
				CLANG_WARN_UNGUARDED_AVAILABILITY = YES_AGGRESSIVE;
				CLANG_WARN_UNREACHABLE_CODE = YES;
				CLANG_WARN__DUPLICATE_METHOD_MATCH = YES;
				COPY_PHASE_STRIP = NO;
				DEBUG_INFORMATION_FORMAT = "dwarf-with-dsym";
				ENABLE_NS_ASSERTIONS = NO;
				ENABLE_STRICT_OBJC_MSGSEND = YES;
				GCC_C_LANGUAGE_STANDARD = gnu11;
				GCC_NO_COMMON_BLOCKS = YES;
				GCC_WARN_64_TO_32_BIT_CONVERSION = YES;
				GCC_WARN_ABOUT_RETURN_TYPE = YES_ERROR;
				GCC_WARN_UNDECLARED_SELECTOR = YES;
				GCC_WARN_UNINITIALIZED_AUTOS = YES_AGGRESSIVE;
				GCC_WARN_UNUSED_FUNCTION = YES;
				GCC_WARN_UNUSED_VARIABLE = YES;
				IPHONEOS_DEPLOYMENT_TARGET = 15.4;
				MTL_ENABLE_DEBUG_INFO = NO;
				MTL_FAST_MATH = YES;
				SDKROOT = iphoneos;
				VALIDATE_PRODUCT = YES;
			};
			name = Release;
		};
		ADB1BFBA2875C7EB0094936D /* Debug */ = {
			isa = XCBuildConfiguration;
			buildSettings = {
				ASSETCATALOG_COMPILER_APPICON_NAME = AppIcon;
				ASSETCATALOG_COMPILER_GLOBAL_ACCENT_COLOR_NAME = AccentColor;
				CODE_SIGN_STYLE = Automatic;
				CURRENT_PROJECT_VERSION = 1;
				DEVELOPMENT_TEAM = Y9W9QHJSK3;
				GENERATE_INFOPLIST_FILE = YES;
				INFOPLIST_FILE = MyWeather/Info.plist;
				INFOPLIST_KEY_UIApplicationSupportsIndirectInputEvents = YES;
				INFOPLIST_KEY_UILaunchStoryboardName = LaunchScreen;
				INFOPLIST_KEY_UIMainStoryboardFile = Main;
				INFOPLIST_KEY_UISupportedInterfaceOrientations_iPad = "UIInterfaceOrientationPortrait UIInterfaceOrientationPortraitUpsideDown UIInterfaceOrientationLandscapeLeft UIInterfaceOrientationLandscapeRight";
				INFOPLIST_KEY_UISupportedInterfaceOrientations_iPhone = "UIInterfaceOrientationPortrait UIInterfaceOrientationLandscapeLeft UIInterfaceOrientationLandscapeRight";
				IPHONEOS_DEPLOYMENT_TARGET = 15.4;
				LD_RUNPATH_SEARCH_PATHS = (
					"$(inherited)",
					"@executable_path/Frameworks",
				);
				MARKETING_VERSION = 1.0;
				PRODUCT_BUNDLE_IDENTIFIER = it.unipr.sioel0.MyWeather;
				PRODUCT_NAME = "$(TARGET_NAME)";
				SWIFT_EMIT_LOC_STRINGS = YES;
				TARGETED_DEVICE_FAMILY = "1,2";
				a = "";
			};
			name = Debug;
		};
		ADB1BFBB2875C7EB0094936D /* Release */ = {
			isa = XCBuildConfiguration;
			buildSettings = {
				ASSETCATALOG_COMPILER_APPICON_NAME = AppIcon;
				ASSETCATALOG_COMPILER_GLOBAL_ACCENT_COLOR_NAME = AccentColor;
				CODE_SIGN_STYLE = Automatic;
				CURRENT_PROJECT_VERSION = 1;
				DEVELOPMENT_TEAM = Y9W9QHJSK3;
				GENERATE_INFOPLIST_FILE = YES;
				INFOPLIST_FILE = MyWeather/Info.plist;
				INFOPLIST_KEY_UIApplicationSupportsIndirectInputEvents = YES;
				INFOPLIST_KEY_UILaunchStoryboardName = LaunchScreen;
				INFOPLIST_KEY_UIMainStoryboardFile = Main;
				INFOPLIST_KEY_UISupportedInterfaceOrientations_iPad = "UIInterfaceOrientationPortrait UIInterfaceOrientationPortraitUpsideDown UIInterfaceOrientationLandscapeLeft UIInterfaceOrientationLandscapeRight";
				INFOPLIST_KEY_UISupportedInterfaceOrientations_iPhone = "UIInterfaceOrientationPortrait UIInterfaceOrientationLandscapeLeft UIInterfaceOrientationLandscapeRight";
				IPHONEOS_DEPLOYMENT_TARGET = 15.4;
				LD_RUNPATH_SEARCH_PATHS = (
					"$(inherited)",
					"@executable_path/Frameworks",
				);
				MARKETING_VERSION = 1.0;
				PRODUCT_BUNDLE_IDENTIFIER = it.unipr.sioel0.MyWeather;
				PRODUCT_NAME = "$(TARGET_NAME)";
				SWIFT_EMIT_LOC_STRINGS = YES;
				TARGETED_DEVICE_FAMILY = "1,2";
				a = "";
			};
			name = Release;
		};
/* End XCBuildConfiguration section */

/* Begin XCConfigurationList section */
		ADB1BF9B2875C7E90094936D /* Build configuration list for PBXProject "MyWeather" */ = {
			isa = XCConfigurationList;
			buildConfigurations = (
				ADB1BFB72875C7EB0094936D /* Debug */,
				ADB1BFB82875C7EB0094936D /* Release */,
			);
			defaultConfigurationIsVisible = 0;
			defaultConfigurationName = Release;
		};
		ADB1BFB92875C7EB0094936D /* Build configuration list for PBXNativeTarget "MyWeather" */ = {
			isa = XCConfigurationList;
			buildConfigurations = (
				ADB1BFBA2875C7EB0094936D /* Debug */,
				ADB1BFBB2875C7EB0094936D /* Release */,
			);
			defaultConfigurationIsVisible = 0;
			defaultConfigurationName = Release;
		};
/* End XCConfigurationList section */
	};
	rootObject = ADB1BF982875C7E90094936D /* Project object */;
}
